
Microsoft Visual Studio Solution File, Format Version 12.00
# Visual Studio Version 17
VisualStudioVersion = 17.14.36327.8 d17.14
MinimumVisualStudioVersion = 10.0.40219.1
Project("{FAE04EC0-301F-11D3-BF4B-00C04F79EFBC}") = "TaxiApp.Api", "TaxiApp.Api\TaxiApp.Api.csproj", "{4B70E001-7EF1-4A78-8152-1A94411E0C66}"
EndProject
Project("{FAE04EC0-301F-11D3-BF4B-00C04F79EFBC}") = "TaxiApp.Entity", "TaxiApp.Entity\TaxiApp.Entity.csproj", "{E965F126-53BB-411A-B5A6-7593DBF896A3}"
EndProject
Project("{FAE04EC0-301F-11D3-BF4B-00C04F79EFBC}") = "TaxiApp.Business", "TaxiApp.Business\TaxiApp.Business.csproj", "{F34EB547-CB5B-4577-BF45-F6EEEBEA5B6C}"
EndProject
Project("{FAE04EC0-301F-11D3-BF4B-00C04F79EFBC}") = "TaxiApp.Core", "TaxiApp.Core\TaxiApp.Core.csproj", "{AF78F164-17AB-416B-8690-BA38ED896179}"
EndProject
Project("{FAE04EC0-301F-11D3-BF4B-00C04F79EFBC}") = "TaxiApp.Data", "TaxiApp.Data\TaxiApp.Data.csproj", "{7009BC8B-046A-4BE5-852C-A571451C7827}"
EndProject
Global
	GlobalSection(SolutionConfigurationPlatforms) = preSolution
		Debug|Any CPU = Debug|Any CPU
		Release|Any CPU = Release|Any CPU
	EndGlobalSection
	GlobalSection(ProjectConfigurationPlatforms) = postSolution
		{4B70E001-7EF1-4A78-8152-1A94411E0C66}.Debug|Any CPU.ActiveCfg = Debug|Any CPU
		{4B70E001-7EF1-4A78-8152-1A94411E0C66}.Debug|Any CPU.Build.0 = Debug|Any CPU
		{4B70E001-7EF1-4A78-8152-1A94411E0C66}.Release|Any CPU.ActiveCfg = Release|Any CPU
		{4B70E001-7EF1-4A78-8152-1A94411E0C66}.Release|Any CPU.Build.0 = Release|Any CPU
		{E965F126-53BB-411A-B5A6-7593DBF896A3}.Debug|Any CPU.ActiveCfg = Debug|Any CPU
		{E965F126-53BB-411A-B5A6-7593DBF896A3}.Debug|Any CPU.Build.0 = Debug|Any CPU
		{E965F126-53BB-411A-B5A6-7593DBF896A3}.Release|Any CPU.ActiveCfg = Release|Any CPU
		{E965F126-53BB-411A-B5A6-7593DBF896A3}.Release|Any CPU.Build.0 = Release|Any CPU
		{F34EB547-CB5B-4577-BF45-F6EEEBEA5B6C}.Debug|Any CPU.ActiveCfg = Debug|Any CPU
		{F34EB547-CB5B-4577-BF45-F6EEEBEA5B6C}.Debug|Any CPU.Build.0 = Debug|Any CPU
		{F34EB547-CB5B-4577-BF45-F6EEEBEA5B6C}.Release|Any CPU.ActiveCfg = Release|Any CPU
		{F34EB547-CB5B-4577-BF45-F6EEEBEA5B6C}.Release|Any CPU.Build.0 = Release|Any CPU
		{AF78F164-17AB-416B-8690-BA38ED896179}.Debug|Any CPU.ActiveCfg = Debug|Any CPU
		{AF78F164-17AB-416B-8690-BA38ED896179}.Debug|Any CPU.Build.0 = Debug|Any CPU
		{AF78F164-17AB-416B-8690-BA38ED896179}.Release|Any CPU.ActiveCfg = Release|Any CPU
		{AF78F164-17AB-416B-8690-BA38ED896179}.Release|Any CPU.Build.0 = Release|Any CPU
		{7009BC8B-046A-4BE5-852C-A571451C7827}.Debug|Any CPU.ActiveCfg = Debug|Any CPU
		{7009BC8B-046A-4BE5-852C-A571451C7827}.Debug|Any CPU.Build.0 = Debug|Any CPU
		{7009BC8B-046A-4BE5-852C-A571451C7827}.Release|Any CPU.ActiveCfg = Release|Any CPU
		{7009BC8B-046A-4BE5-852C-A571451C7827}.Release|Any CPU.Build.0 = Release|Any CPU
	EndGlobalSection
	GlobalSection(SolutionProperties) = preSolution
		HideSolutionNode = FALSE
	EndGlobalSection
	GlobalSection(ExtensibilityGlobals) = postSolution
		SolutionGuid = {FB940CEB-6A97-4CC5-B363-B9CAD15C25E8}
	EndGlobalSection
EndGlobal
